
Microsoft Visual Studio Solution File, Format Version 12.00
# Visual Studio Version 17
VisualStudioVersion = 17.0.31903.59
MinimumVisualStudioVersion = 10.0.40219.1
Project("{2150E333-8FDC-42A3-9474-1A3956D46DE8}") = "src", "src", "{23CC4171-A465-4DDD-BC98-616793B4F585}"
EndProject
Project("{9A19103F-16F7-4668-BE54-9A1E7A4F7556}") = "MataAtlantica.API", "src\MataAtlantica.API\MataAtlantica.API.csproj", "{95BA4626-0DD0-4B67-A3F5-3634E4AC8B27}"
EndProject
Project("{2150E333-8FDC-42A3-9474-1A3956D46DE8}") = "Solution Items", "Solution Items", "{C65CCD28-8E4D-4617-8195-E1A577B717DF}"
	ProjectSection(SolutionItems) = preProject
		.gitignore = .gitignore
	EndProjectSection
EndProject
Project("{2150E333-8FDC-42A3-9474-1A3956D46DE8}") = "tests", "tests", "{4200B91E-4E41-433B-B4AA-041579BCA94E}"
EndProject
Project("{9A19103F-16F7-4668-BE54-9A1E7A4F7556}") = "MataAtlantica.API.Tests", "tests\MataAtlantica.API.Tests\MataAtlantica.API.Tests.csproj", "{E1BF0A2F-E5D8-4B4E-8A5C-6785A7E9ED09}"
EndProject
Project("{9A19103F-16F7-4668-BE54-9A1E7A4F7556}") = "MataAtlantica.Domain", "src\MataAtlantica.Domain\MataAtlantica.Domain.csproj", "{C3A93D2A-B9E4-4ED3-8240-2D4F1ED470E7}"
EndProject
Project("{9A19103F-16F7-4668-BE54-9A1E7A4F7556}") = "MataAtlantica.Domain.Tests", "tests\MataAtlantica.Domain.Tests\MataAtlantica.Domain.Tests.csproj", "{792A3B09-16E6-4FD9-BD52-AD46A65C7872}"
EndProject
Project("{9A19103F-16F7-4668-BE54-9A1E7A4F7556}") = "MataAtlantica.Infrastructure", "src\MataAtlantica.Infrastructure\MataAtlantica.Infrastructure.csproj", "{7B541EBF-1CD6-464D-9FE0-8D0913B18C9D}"
EndProject
Project("{9A19103F-16F7-4668-BE54-9A1E7A4F7556}") = "MataAtlantica.Infrastructure.Tests", "tests\MataAtlantica.Infrastructure.Tests\MataAtlantica.Infrastructure.Tests.csproj", "{F939017C-B77A-4FDF-B834-A47B14DDDED2}"
EndProject
Project("{9A19103F-16F7-4668-BE54-9A1E7A4F7556}") = "MataAtlantica.Application", "src\MataAtlantica.Application\MataAtlantica.Application.csproj", "{0CD688CC-33FE-4F56-A3B3-AB8309E8B9ED}"
EndProject
Project("{FAE04EC0-301F-11D3-BF4B-00C04F79EFBC}") = "MataAtlantica.Application.Tests", "tests\MataAtlantica.Application.Tests\MataAtlantica.Application.Tests.csproj", "{C9FBDB9F-107C-47A5-9D4B-31B119F15538}"
EndProject
Global
	GlobalSection(SolutionConfigurationPlatforms) = preSolution
		Debug|Any CPU = Debug|Any CPU
		Release|Any CPU = Release|Any CPU
	EndGlobalSection
	GlobalSection(ProjectConfigurationPlatforms) = postSolution
		{95BA4626-0DD0-4B67-A3F5-3634E4AC8B27}.Debug|Any CPU.ActiveCfg = Debug|Any CPU
		{95BA4626-0DD0-4B67-A3F5-3634E4AC8B27}.Debug|Any CPU.Build.0 = Debug|Any CPU
		{95BA4626-0DD0-4B67-A3F5-3634E4AC8B27}.Release|Any CPU.ActiveCfg = Release|Any CPU
		{95BA4626-0DD0-4B67-A3F5-3634E4AC8B27}.Release|Any CPU.Build.0 = Release|Any CPU
		{E1BF0A2F-E5D8-4B4E-8A5C-6785A7E9ED09}.Debug|Any CPU.ActiveCfg = Debug|Any CPU
		{E1BF0A2F-E5D8-4B4E-8A5C-6785A7E9ED09}.Debug|Any CPU.Build.0 = Debug|Any CPU
		{E1BF0A2F-E5D8-4B4E-8A5C-6785A7E9ED09}.Release|Any CPU.ActiveCfg = Release|Any CPU
		{E1BF0A2F-E5D8-4B4E-8A5C-6785A7E9ED09}.Release|Any CPU.Build.0 = Release|Any CPU
		{C3A93D2A-B9E4-4ED3-8240-2D4F1ED470E7}.Debug|Any CPU.ActiveCfg = Debug|Any CPU
		{C3A93D2A-B9E4-4ED3-8240-2D4F1ED470E7}.Debug|Any CPU.Build.0 = Debug|Any CPU
		{C3A93D2A-B9E4-4ED3-8240-2D4F1ED470E7}.Release|Any CPU.ActiveCfg = Release|Any CPU
		{C3A93D2A-B9E4-4ED3-8240-2D4F1ED470E7}.Release|Any CPU.Build.0 = Release|Any CPU
		{792A3B09-16E6-4FD9-BD52-AD46A65C7872}.Debug|Any CPU.ActiveCfg = Debug|Any CPU
		{792A3B09-16E6-4FD9-BD52-AD46A65C7872}.Debug|Any CPU.Build.0 = Debug|Any CPU
		{792A3B09-16E6-4FD9-BD52-AD46A65C7872}.Release|Any CPU.ActiveCfg = Release|Any CPU
		{792A3B09-16E6-4FD9-BD52-AD46A65C7872}.Release|Any CPU.Build.0 = Release|Any CPU
		{7B541EBF-1CD6-464D-9FE0-8D0913B18C9D}.Debug|Any CPU.ActiveCfg = Debug|Any CPU
		{7B541EBF-1CD6-464D-9FE0-8D0913B18C9D}.Debug|Any CPU.Build.0 = Debug|Any CPU
		{7B541EBF-1CD6-464D-9FE0-8D0913B18C9D}.Release|Any CPU.ActiveCfg = Release|Any CPU
		{7B541EBF-1CD6-464D-9FE0-8D0913B18C9D}.Release|Any CPU.Build.0 = Release|Any CPU
		{F939017C-B77A-4FDF-B834-A47B14DDDED2}.Debug|Any CPU.ActiveCfg = Debug|Any CPU
		{F939017C-B77A-4FDF-B834-A47B14DDDED2}.Debug|Any CPU.Build.0 = Debug|Any CPU
		{F939017C-B77A-4FDF-B834-A47B14DDDED2}.Release|Any CPU.ActiveCfg = Release|Any CPU
		{F939017C-B77A-4FDF-B834-A47B14DDDED2}.Release|Any CPU.Build.0 = Release|Any CPU
		{0CD688CC-33FE-4F56-A3B3-AB8309E8B9ED}.Debug|Any CPU.ActiveCfg = Debug|Any CPU
		{0CD688CC-33FE-4F56-A3B3-AB8309E8B9ED}.Debug|Any CPU.Build.0 = Debug|Any CPU
		{0CD688CC-33FE-4F56-A3B3-AB8309E8B9ED}.Release|Any CPU.ActiveCfg = Release|Any CPU
		{0CD688CC-33FE-4F56-A3B3-AB8309E8B9ED}.Release|Any CPU.Build.0 = Release|Any CPU
		{C9FBDB9F-107C-47A5-9D4B-31B119F15538}.Debug|Any CPU.ActiveCfg = Debug|Any CPU
		{C9FBDB9F-107C-47A5-9D4B-31B119F15538}.Debug|Any CPU.Build.0 = Debug|Any CPU
		{C9FBDB9F-107C-47A5-9D4B-31B119F15538}.Release|Any CPU.ActiveCfg = Release|Any CPU
		{C9FBDB9F-107C-47A5-9D4B-31B119F15538}.Release|Any CPU.Build.0 = Release|Any CPU
	EndGlobalSection
	GlobalSection(SolutionProperties) = preSolution
		HideSolutionNode = FALSE
	EndGlobalSection
	GlobalSection(NestedProjects) = preSolution
		{95BA4626-0DD0-4B67-A3F5-3634E4AC8B27} = {23CC4171-A465-4DDD-BC98-616793B4F585}
		{E1BF0A2F-E5D8-4B4E-8A5C-6785A7E9ED09} = {4200B91E-4E41-433B-B4AA-041579BCA94E}
		{C3A93D2A-B9E4-4ED3-8240-2D4F1ED470E7} = {23CC4171-A465-4DDD-BC98-616793B4F585}
		{792A3B09-16E6-4FD9-BD52-AD46A65C7872} = {4200B91E-4E41-433B-B4AA-041579BCA94E}
		{7B541EBF-1CD6-464D-9FE0-8D0913B18C9D} = {23CC4171-A465-4DDD-BC98-616793B4F585}
		{F939017C-B77A-4FDF-B834-A47B14DDDED2} = {4200B91E-4E41-433B-B4AA-041579BCA94E}
		{0CD688CC-33FE-4F56-A3B3-AB8309E8B9ED} = {23CC4171-A465-4DDD-BC98-616793B4F585}
		{C9FBDB9F-107C-47A5-9D4B-31B119F15538} = {4200B91E-4E41-433B-B4AA-041579BCA94E}
	EndGlobalSection
	GlobalSection(ExtensibilityGlobals) = postSolution
		SolutionGuid = {AE2CF0E5-AC9F-4F0F-B2C9-489D9A377688}
	EndGlobalSection
EndGlobal
